// !$*UTF8*$!
{
	archiveVersion = 1;
	classes = {
	};
	objectVersion = 77;
	objects = {

/* Begin PBXContainerItemProxy section */
		36B7B62B2E859C1F00D3BDEB /* PBXContainerItemProxy */ = {
			isa = PBXContainerItemProxy;
			containerPortal = 36B7B6092E859C1E00D3BDEB /* Project object */;
			proxyType = 1;
			remoteGlobalIDString = 36B7B6102E859C1E00D3BDEB;
			remoteInfo = FirstFlight;
		};
		36E8C1572F7ED9A000DA71B6 /* PBXContainerItemProxy */ = {
			isa = PBXContainerItemProxy;
			containerPortal = 36B7B6092E859C1E00D3BDEB /* Project object */;
			proxyType = 1;
			remoteGlobalIDString = 36E8C1402F7ED99D00DA71B6;
			remoteInfo = "FirstFlight Mac Game";
		};
		36E8C1612F7ED9A000DA71B6 /* PBXContainerItemProxy */ = {
			isa = PBXContainerItemProxy;
			containerPortal = 36B7B6092E859C1E00D3BDEB /* Project object */;
			proxyType = 1;
			remoteGlobalIDString = 36E8C1402F7ED99D00DA71B6;
			remoteInfo = "FirstFlight Mac Game";
		};
/* End PBXContainerItemProxy section */

/* Begin PBXFileReference section */
		36B7B6112E859C1E00D3BDEB /* FirstFlight.app */ = {isa = PBXFileReference; explicitFileType = wrapper.application; includeInIndex = 0; path = FirstFlight.app; sourceTree = BUILT_PRODUCTS_DIR; };
		36B7B62A2E859C1F00D3BDEB /* FirstFlightTests.xctest */ = {isa = PBXFileReference; explicitFileType = wrapper.cfbundle; includeInIndex = 0; path = FirstFlightTests.xctest; sourceTree = BUILT_PRODUCTS_DIR; };
		36E8C1412F7ED99D00DA71B6 /* FirstFlight Mac Game.app */ = {isa = PBXFileReference; explicitFileType = wrapper.application; includeInIndex = 0; path = "FirstFlight Mac Game.app"; sourceTree = BUILT_PRODUCTS_DIR; };
		36E8C1562F7ED9A000DA71B6 /* FirstFlight Mac GameTests.xctest */ = {isa = PBXFileReference; explicitFileType = wrapper.cfbundle; includeInIndex = 0; path = "FirstFlight Mac GameTests.xctest"; sourceTree = BUILT_PRODUCTS_DIR; };
		36E8C1602F7ED9A000DA71B6 /* FirstFlight Mac GameUITests.xctest */ = {isa = PBXFileReference; explicitFileType = wrapper.cfbundle; includeInIndex = 0; path = "FirstFlight Mac GameUITests.xctest"; sourceTree = BUILT_PRODUCTS_DIR; };
/* End PBXFileReference section */

/* Begin PBXFileSystemSynchronizedBuildFileExceptionSet section */
		36A1C0042F7FD00300DA71B6 /* Exceptions for "FirstFlight" folder in "FirstFlight Mac Game" target */ = {
			isa = PBXFileSystemSynchronizedBuildFileExceptionSet;
			membershipExceptions = (
				Game/GameViewController.swift,
			);
			target = 36E8C1402F7ED99D00DA71B6 /* FirstFlight Mac Game */;
		};
/* End PBXFileSystemSynchronizedBuildFileExceptionSet section */

/* Begin PBXFileSystemSynchronizedRootGroup section */
		36A1C0032F7FD00200DA71B6 /* FirstFlight iOS */ = {
			isa = PBXFileSystemSynchronizedRootGroup;
			path = "FirstFlight iOS";
			sourceTree = "<group>";
		};
		36B7B6132E859C1E00D3BDEB /* FirstFlight */ = {
			isa = PBXFileSystemSynchronizedRootGroup;
			exceptions = (
				36A1C0042F7FD00300DA71B6 /* Exceptions for "FirstFlight" folder in "FirstFlight Mac Game" target */,
			);
			path = FirstFlight;
			sourceTree = "<group>";
		};
		36B7B62D2E859C1F00D3BDEB /* FirstFlightTests */ = {
			isa = PBXFileSystemSynchronizedRootGroup;
			path = FirstFlightTests;
			sourceTree = "<group>";
		};
		36E8C1422F7ED99D00DA71B6 /* FirstFlight Mac Game */ = {
			isa = PBXFileSystemSynchronizedRootGroup;
			path = "FirstFlight Mac Game";
			sourceTree = "<group>";
		};
		36E8C1592F7ED9A000DA71B6 /* FirstFlight Mac GameTests */ = {
			isa = PBXFileSystemSynchronizedRootGroup;
			path = "FirstFlight Mac GameTests";
			sourceTree = "<group>";
		};
		36E8C1632F7ED9A000DA71B6 /* FirstFlight Mac GameUITests */ = {
			isa = PBXFileSystemSynchronizedRootGroup;
			path = "FirstFlight Mac GameUITests";
			sourceTree = "<group>";
		};
/* End PBXFileSystemSynchronizedRootGroup section */

/* Begin PBXFrameworksBuildPhase section */
		36B7B60E2E859C1E00D3BDEB /* Frameworks */ = {
			isa = PBXFrameworksBuildPhase;
			buildActionMask = 2147483647;
			files = (
			);
			runOnlyForDeploymentPostprocessing = 0;
		};
		36B7B6272E859C1F00D3BDEB /* Frameworks */ = {
			isa = PBXFrameworksBuildPhase;
			buildActionMask = 2147483647;
			files = (
			);
			runOnlyForDeploymentPostprocessing = 0;
		};
		36E8C13E2F7ED99D00DA71B6 /* Frameworks */ = {
			isa = PBXFrameworksBuildPhase;
			buildActionMask = 2147483647;
			files = (
			);
			runOnlyForDeploymentPostprocessing = 0;
		};
		36E8C1532F7ED9A000DA71B6 /* Frameworks */ = {
			isa = PBXFrameworksBuildPhase;
			buildActionMask = 2147483647;
			files = (
			);
			runOnlyForDeploymentPostprocessing = 0;
		};
		36E8C15D2F7ED9A000DA71B6 /* Frameworks */ = {
			isa = PBXFrameworksBuildPhase;
			buildActionMask = 2147483647;
			files = (
			);
			runOnlyForDeploymentPostprocessing = 0;
		};
/* End PBXFrameworksBuildPhase section */

/* Begin PBXGroup section */
		36B7B6082E859C1E00D3BDEB = {
			isa = PBXGroup;
			children = (
				36B7B6132E859C1E00D3BDEB /* FirstFlight */,
				36A1C0032F7FD00200DA71B6 /* FirstFlight iOS */,
				36B7B62D2E859C1F00D3BDEB /* FirstFlightTests */,
				36E8C1422F7ED99D00DA71B6 /* FirstFlight Mac Game */,
				36E8C1592F7ED9A000DA71B6 /* FirstFlight Mac GameTests */,
				36E8C1632F7ED9A000DA71B6 /* FirstFlight Mac GameUITests */,
				36B7B6122E859C1E00D3BDEB /* Products */,
			);
			sourceTree = "<group>";
		};
		36B7B6122E859C1E00D3BDEB /* Products */ = {
			isa = PBXGroup;
			children = (
				36B7B6112E859C1E00D3BDEB /* FirstFlight.app */,
				36B7B62A2E859C1F00D3BDEB /* FirstFlightTests.xctest */,
				36E8C1412F7ED99D00DA71B6 /* FirstFlight Mac Game.app */,
				36E8C1562F7ED9A000DA71B6 /* FirstFlight Mac GameTests.xctest */,
				36E8C1602F7ED9A000DA71B6 /* FirstFlight Mac GameUITests.xctest */,
			);
			name = Products;
			sourceTree = "<group>";
		};
/* End PBXGroup section */

/* Begin PBXNativeTarget section */
		36B7B6102E859C1E00D3BDEB /* FirstFlight */ = {
			isa = PBXNativeTarget;
			buildConfigurationList = 36B7B63E2E859C1F00D3BDEB /* Build configuration list for PBXNativeTarget "FirstFlight" */;
			buildPhases = (
				36B7B60D2E859C1E00D3BDEB /* Sources */,
				36B7B60E2E859C1E00D3BDEB /* Frameworks */,
				36B7B60F2E859C1E00D3BDEB /* Resources */,
			);
			buildRules = (
			);
			dependencies = (
			);
			fileSystemSynchronizedGroups = (
				36A1C0032F7FD00200DA71B6 /* FirstFlight iOS */,
				36B7B6132E859C1E00D3BDEB /* FirstFlight */,
			);
			name = FirstFlight;
			packageProductDependencies = (
			);
			productName = FirstFlight;
			productReference = 36B7B6112E859C1E00D3BDEB /* FirstFlight.app */;
			productType = "com.apple.product-type.application";
		};
		36B7B6292E859C1F00D3BDEB /* FirstFlightTests */ = {
			isa = PBXNativeTarget;
			buildConfigurationList = 36B7B6412E859C1F00D3BDEB /* Build configuration list for PBXNativeTarget "FirstFlightTests" */;
			buildPhases = (
				36B7B6262E859C1F00D3BDEB /* Sources */,
				36B7B6272E859C1F00D3BDEB /* Frameworks */,
				36B7B6282E859C1F00D3BDEB /* Resources */,
			);
			buildRules = (
			);
			dependencies = (
				36B7B62C2E859C1F00D3BDEB /* PBXTargetDependency */,
			);
			fileSystemSynchronizedGroups = (
				36B7B62D2E859C1F00D3BDEB /* FirstFlightTests */,
			);
			name = FirstFlightTests;
			packageProductDependencies = (
			);
			productName = FirstFlightTests;
			productReference = 36B7B62A2E859C1F00D3BDEB /* FirstFlightTests.xctest */;
			productType = "com.apple.product-type.bundle.unit-test";
		};
		36E8C1402F7ED99D00DA71B6 /* FirstFlight Mac Game */ = {
			isa = PBXNativeTarget;
			buildConfigurationList = 36E8C16E2F7ED9A000DA71B6 /* Build configuration list for PBXNativeTarget "FirstFlight Mac Game" */;
			buildPhases = (
				36E8C13D2F7ED99D00DA71B6 /* Sources */,
				36E8C13E2F7ED99D00DA71B6 /* Frameworks */,
				36E8C13F2F7ED99D00DA71B6 /* Resources */,
			);
			buildRules = (
			);
			dependencies = (
			);
			fileSystemSynchronizedGroups = (
				36B7B6132E859C1E00D3BDEB /* FirstFlight */,
				36E8C1422F7ED99D00DA71B6 /* FirstFlight Mac Game */,
			);
			name = "FirstFlight Mac Game";
			packageProductDependencies = (
			);
			productName = "FirstFlight Mac Game";
			productReference = 36E8C1412F7ED99D00DA71B6 /* FirstFlight Mac Game.app */;
			productType = "com.apple.product-type.application";
		};
		36E8C1552F7ED9A000DA71B6 /* FirstFlight Mac GameTests */ = {
			isa = PBXNativeTarget;
			buildConfigurationList = 36E8C16F2F7ED9A000DA71B6 /* Build configuration list for PBXNativeTarget "FirstFlight Mac GameTests" */;
			buildPhases = (
				36E8C1522F7ED9A000DA71B6 /* Sources */,
				36E8C1532F7ED9A000DA71B6 /* Frameworks */,
				36E8C1542F7ED9A000DA71B6 /* Resources */,
			);
			buildRules = (
			);
			dependencies = (
				36E8C1582F7ED9A000DA71B6 /* PBXTargetDependency */,
			);
			fileSystemSynchronizedGroups = (
				36E8C1592F7ED9A000DA71B6 /* FirstFlight Mac GameTests */,
			);
			name = "FirstFlight Mac GameTests";
			packageProductDependencies = (
			);
			productName = "FirstFlight Mac GameTests";
			productReference = 36E8C1562F7ED9A000DA71B6 /* FirstFlight Mac GameTests.xctest */;
			productType = "com.apple.product-type.bundle.unit-test";
		};
		36E8C15F2F7ED9A000DA71B6 /* FirstFlight Mac GameUITests */ = {
			isa = PBXNativeTarget;
			buildConfigurationList = 36E8C1702F7ED9A000DA71B6 /* Build configuration list for PBXNativeTarget "FirstFlight Mac GameUITests" */;
			buildPhases = (
				36E8C15C2F7ED9A000DA71B6 /* Sources */,
				36E8C15D2F7ED9A000DA71B6 /* Frameworks */,
				36E8C15E2F7ED9A000DA71B6 /* Resources */,
			);
			buildRules = (
			);
			dependencies = (
				36E8C1622F7ED9A000DA71B6 /* PBXTargetDependency */,
			);
			fileSystemSynchronizedGroups = (
				36E8C1632F7ED9A000DA71B6 /* FirstFlight Mac GameUITests */,
			);
			name = "FirstFlight Mac GameUITests";
			packageProductDependencies = (
			);
			productName = "FirstFlight Mac GameUITests";
			productReference = 36E8C1602F7ED9A000DA71B6 /* FirstFlight Mac GameUITests.xctest */;
			productType = "com.apple.product-type.bundle.ui-testing";
		};
/* End PBXNativeTarget section */

/* Begin PBXProject section */
		36B7B6092E859C1E00D3BDEB /* Project object */ = {
			isa = PBXProject;
			attributes = {
				BuildIndependentTargetsInParallel = 1;
				LastSwiftUpdateCheck = 2640;
				LastUpgradeCheck = 2640;
				TargetAttributes = {
					36B7B6102E859C1E00D3BDEB = {
						CreatedOnToolsVersion = 26.0;
					};
					36B7B6292E859C1F00D3BDEB = {
						CreatedOnToolsVersion = 26.0;
						TestTargetID = 36B7B6102E859C1E00D3BDEB;
					};
					36E8C1402F7ED99D00DA71B6 = {
						CreatedOnToolsVersion = 26.4;
					};
					36E8C1552F7ED9A000DA71B6 = {
						CreatedOnToolsVersion = 26.4;
						TestTargetID = 36E8C1402F7ED99D00DA71B6;
					};
					36E8C15F2F7ED9A000DA71B6 = {
						CreatedOnToolsVersion = 26.4;
						TestTargetID = 36E8C1402F7ED99D00DA71B6;
					};
				};
			};
			buildConfigurationList = 36B7B60C2E859C1E00D3BDEB /* Build configuration list for PBXProject "FirstFlight" */;
			developmentRegion = en;
			hasScannedForEncodings = 0;
			knownRegions = (
				en,
				Base,
			);
			mainGroup = 36B7B6082E859C1E00D3BDEB;
			minimizedProjectReferenceProxies = 1;
			preferredProjectObjectVersion = 77;
			productRefGroup = 36B7B6122E859C1E00D3BDEB /* Products */;
			projectDirPath = "";
			projectRoot = "";
			targets = (
				36B7B6102E859C1E00D3BDEB /* FirstFlight */,
				36B7B6292E859C1F00D3BDEB /* FirstFlightTests */,
				36E8C1402F7ED99D00DA71B6 /* FirstFlight Mac Game */,
				36E8C1552F7ED9A000DA71B6 /* FirstFlight Mac GameTests */,
				36E8C15F2F7ED9A000DA71B6 /* FirstFlight Mac GameUITests */,
			);
		};
/* End PBXProject section */

/* Begin PBXResourcesBuildPhase section */
		36B7B60F2E859C1E00D3BDEB /* Resources */ = {
			isa = PBXResourcesBuildPhase;
			buildActionMask = 2147483647;
			files = (
			);
			runOnlyForDeploymentPostprocessing = 0;
		};
		36B7B6282E859C1F00D3BDEB /* Resources */ = {
			isa = PBXResourcesBuildPhase;
			buildActionMask = 2147483647;
			files = (
			);
			runOnlyForDeploymentPostprocessing = 0;
		};
		36E8C13F2F7ED99D00DA71B6 /* Resources */ = {
			isa = PBXResourcesBuildPhase;
			buildActionMask = 2147483647;
			files = (
			);
			runOnlyForDeploymentPostprocessing = 0;
		};
		36E8C1542F7ED9A000DA71B6 /* Resources */ = {
			isa = PBXResourcesBuildPhase;
			buildActionMask = 2147483647;
			files = (
			);
			runOnlyForDeploymentPostprocessing = 0;
		};
		36E8C15E2F7ED9A000DA71B6 /* Resources */ = {
			isa = PBXResourcesBuildPhase;
			buildActionMask = 2147483647;
			files = (
			);
			runOnlyForDeploymentPostprocessing = 0;
		};
/* End PBXResourcesBuildPhase section */

/* Begin PBXSourcesBuildPhase section */
		36B7B60D2E859C1E00D3BDEB /* Sources */ = {
			isa = PBXSourcesBuildPhase;
			buildActionMask = 2147483647;
			files = (
			);
			runOnlyForDeploymentPostprocessing = 0;
		};
		36B7B6262E859C1F00D3BDEB /* Sources */ = {
			isa = PBXSourcesBuildPhase;
			buildActionMask = 2147483647;
			files = (
			);
			runOnlyForDeploymentPostprocessing = 0;
		};
		36E8C13D2F7ED99D00DA71B6 /* Sources */ = {
			isa = PBXSourcesBuildPhase;
			buildActionMask = 2147483647;
			files = (
			);
			runOnlyForDeploymentPostprocessing = 0;
		};
		36E8C1522F7ED9A000DA71B6 /* Sources */ = {
			isa = PBXSourcesBuildPhase;
			buildActionMask = 2147483647;
			files = (
			);
			runOnlyForDeploymentPostprocessing = 0;
		};
		36E8C15C2F7ED9A000DA71B6 /* Sources */ = {
			isa = PBXSourcesBuildPhase;
			buildActionMask = 2147483647;
			files = (
			);
			runOnlyForDeploymentPostprocessing = 0;
		};
/* End PBXSourcesBuildPhase section */

/* Begin PBXTargetDependency section */
		36B7B62C2E859C1F00D3BDEB /* PBXTargetDependency */ = {
			isa = PBXTargetDependency;
			target = 36B7B6102E859C1E00D3BDEB /* FirstFlight */;
			targetProxy = 36B7B62B2E859C1F00D3BDEB /* PBXContainerItemProxy */;
		};
		36E8C1582F7ED9A000DA71B6 /* PBXTargetDependency */ = {
			isa = PBXTargetDependency;
			target = 36E8C1402F7ED99D00DA71B6 /* FirstFlight Mac Game */;
			targetProxy = 36E8C1572F7ED9A000DA71B6 /* PBXContainerItemProxy */;
		};
		36E8C1622F7ED9A000DA71B6 /* PBXTargetDependency */ = {
			isa = PBXTargetDependency;
			target = 36E8C1402F7ED99D00DA71B6 /* FirstFlight Mac Game */;
			targetProxy = 36E8C1612F7ED9A000DA71B6 /* PBXContainerItemProxy */;
		};
/* End PBXTargetDependency section */

/* Begin XCBuildConfiguration section */
		36B7B63C2E859C1F00D3BDEB /* Debug */ = {
			isa = XCBuildConfiguration;
			buildSettings = {
				ALWAYS_SEARCH_USER_PATHS = NO;
				ASSETCATALOG_COMPILER_GENERATE_SWIFT_ASSET_SYMBOL_EXTENSIONS = YES;
				CLANG_ANALYZER_NONNULL = YES;
				CLANG_ANALYZER_NUMBER_OBJECT_CONVERSION = YES_AGGRESSIVE;
				CLANG_CXX_LANGUAGE_STANDARD = "gnu++20";
				CLANG_ENABLE_MODULES = YES;
				CLANG_ENABLE_OBJC_ARC = YES;
				CLANG_ENABLE_OBJC_WEAK = YES;
				CLANG_WARN_BLOCK_CAPTURE_AUTORELEASING = YES;
				CLANG_WARN_BOOL_CONVERSION = YES;
				CLANG_WARN_COMMA = YES;
				CLANG_WARN_CONSTANT_CONVERSION = YES;
				CLANG_WARN_DEPRECATED_OBJC_IMPLEMENTATIONS = YES;
				CLANG_WARN_DIRECT_OBJC_ISA_USAGE = YES_ERROR;
				CLANG_WARN_DOCUMENTATION_COMMENTS = YES;
				CLANG_WARN_EMPTY_BODY = YES;
				CLANG_WARN_ENUM_CONVERSION = YES;
				CLANG_WARN_INFINITE_RECURSION = YES;
				CLANG_WARN_INT_CONVERSION = YES;
				CLANG_WARN_NON_LITERAL_NULL_CONVERSION = YES;
				CLANG_WARN_OBJC_IMPLICIT_RETAIN_SELF = YES;
				CLANG_WARN_OBJC_LITERAL_CONVERSION = YES;
				CLANG_WARN_OBJC_ROOT_CLASS = YES_ERROR;
				CLANG_WARN_QUOTED_INCLUDE_IN_FRAMEWORK_HEADER = YES;
				CLANG_WARN_RANGE_LOOP_ANALYSIS = YES;
				CLANG_WARN_STRICT_PROTOTYPES = YES;
				CLANG_WARN_SUSPICIOUS_MOVE = YES;
				CLANG_WARN_UNGUARDED_AVAILABILITY = YES_AGGRESSIVE;
				CLANG_WARN_UNREACHABLE_CODE = YES;
				CLANG_WARN__DUPLICATE_METHOD_MATCH = YES;
				COPY_PHASE_STRIP = NO;
				DEBUG_INFORMATION_FORMAT = dwarf;
				DEVELOPMENT_TEAM = M2BF9ZE9NW;
				ENABLE_STRICT_OBJC_MSGSEND = YES;
				ENABLE_TESTABILITY = YES;
				ENABLE_USER_SCRIPT_SANDBOXING = YES;
				GCC_C_LANGUAGE_STANDARD = gnu17;
				GCC_DYNAMIC_NO_PIC = NO;
				GCC_NO_COMMON_BLOCKS = YES;
				GCC_OPTIMIZATION_LEVEL = 0;
				GCC_PREPROCESSOR_DEFINITIONS = (
					"DEBUG=1",
					"$(inherited)",
				);
				GCC_WARN_64_TO_32_BIT_CONVERSION = YES;
				GCC_WARN_ABOUT_RETURN_TYPE = YES_ERROR;
				GCC_WARN_UNDECLARED_SELECTOR = YES;
				GCC_WARN_UNINITIALIZED_AUTOS = YES_AGGRESSIVE;
				GCC_WARN_UNUSED_FUNCTION = YES;
				GCC_WARN_UNUSED_VARIABLE = YES;
				IPHONEOS_DEPLOYMENT_TARGET = 26.0;
				LOCALIZATION_PREFERS_STRING_CATALOGS = YES;
				MTL_ENABLE_DEBUG_INFO = INCLUDE_SOURCE;
				MTL_FAST_MATH = YES;
				ONLY_ACTIVE_ARCH = YES;
				SDKROOT = iphoneos;
				STRING_CATALOG_GENERATE_SYMBOLS = YES;
				SWIFT_ACTIVE_COMPILATION_CONDITIONS = "DEBUG $(inherited)";
				SWIFT_OPTIMIZATION_LEVEL = "-Onone";
			};
			name = Debug;
		};
		36B7B63D2E859C1F00D3BDEB /* Release */ = {
			isa = XCBuildConfiguration;
			buildSettings = {
				ALWAYS_SEARCH_USER_PATHS = NO;
				ASSETCATALOG_COMPILER_GENERATE_SWIFT_ASSET_SYMBOL_EXTENSIONS = YES;
				CLANG_ANALYZER_NONNULL = YES;
				CLANG_ANALYZER_NUMBER_OBJECT_CONVERSION = YES_AGGRESSIVE;
				CLANG_CXX_LANGUAGE_STANDARD = "gnu++20";
				CLANG_ENABLE_MODULES = YES;
				CLANG_ENABLE_OBJC_ARC = YES;
				CLANG_ENABLE_OBJC_WEAK = YES;
				CLANG_WARN_BLOCK_CAPTURE_AUTORELEASING = YES;
				CLANG_WARN_BOOL_CONVERSION = YES;
				CLANG_WARN_COMMA = YES;
				CLANG_WARN_CONSTANT_CONVERSION = YES;
				CLANG_WARN_DEPRECATED_OBJC_IMPLEMENTATIONS = YES;
				CLANG_WARN_DIRECT_OBJC_ISA_USAGE = YES_ERROR;
				CLANG_WARN_DOCUMENTATION_COMMENTS = YES;
				CLANG_WARN_EMPTY_BODY = YES;
				CLANG_WARN_ENUM_CONVERSION = YES;
				CLANG_WARN_INFINITE_RECURSION = YES;
				CLANG_WARN_INT_CONVERSION = YES;
				CLANG_WARN_NON_LITERAL_NULL_CONVERSION = YES;
				CLANG_WARN_OBJC_IMPLICIT_RETAIN_SELF = YES;
				CLANG_WARN_OBJC_LITERAL_CONVERSION = YES;
				CLANG_WARN_OBJC_ROOT_CLASS = YES_ERROR;
				CLANG_WARN_QUOTED_INCLUDE_IN_FRAMEWORK_HEADER = YES;
				CLANG_WARN_RANGE_LOOP_ANALYSIS = YES;
				CLANG_WARN_STRICT_PROTOTYPES = YES;
				CLANG_WARN_SUSPICIOUS_MOVE = YES;
				CLANG_WARN_UNGUARDED_AVAILABILITY = YES_AGGRESSIVE;
				CLANG_WARN_UNREACHABLE_CODE = YES;
				CLANG_WARN__DUPLICATE_METHOD_MATCH = YES;
				COPY_PHASE_STRIP = NO;
				DEBUG_INFORMATION_FORMAT = "dwarf-with-dsym";
				DEVELOPMENT_TEAM = M2BF9ZE9NW;
				ENABLE_NS_ASSERTIONS = NO;
				ENABLE_STRICT_OBJC_MSGSEND = YES;
				ENABLE_USER_SCRIPT_SANDBOXING = YES;
				GCC_C_LANGUAGE_STANDARD = gnu17;
				GCC_NO_COMMON_BLOCKS = YES;
				GCC_WARN_64_TO_32_BIT_CONVERSION = YES;
				GCC_WARN_ABOUT_RETURN_TYPE = YES_ERROR;
				GCC_WARN_UNDECLARED_SELECTOR = YES;
				GCC_WARN_UNINITIALIZED_AUTOS = YES_AGGRESSIVE;
				GCC_WARN_UNUSED_FUNCTION = YES;
				GCC_WARN_UNUSED_VARIABLE = YES;
				IPHONEOS_DEPLOYMENT_TARGET = 26.0;
				LOCALIZATION_PREFERS_STRING_CATALOGS = YES;
				MTL_ENABLE_DEBUG_INFO = NO;
				MTL_FAST_MATH = YES;
				SDKROOT = iphoneos;
				STRING_CATALOG_GENERATE_SYMBOLS = YES;
				SWIFT_COMPILATION_MODE = wholemodule;
				VALIDATE_PRODUCT = YES;
			};
			name = Release;
		};
		36B7B63F2E859C1F00D3BDEB /* Debug */ = {
			isa = XCBuildConfiguration;
			buildSettings = {
				ASSETCATALOG_COMPILER_APPICON_NAME = AppIcon;
				ASSETCATALOG_COMPILER_GLOBAL_ACCENT_COLOR_NAME = AccentColor;
				CODE_SIGN_STYLE = Automatic;
				CURRENT_PROJECT_VERSION = 1;
				DEVELOPMENT_TEAM = M2BF9ZE9NW;
				GENERATE_INFOPLIST_FILE = YES;
				INFOPLIST_KEY_LSApplicationCategoryType = "public.app-category.adventure-games";
				INFOPLIST_KEY_UIApplicationSupportsIndirectInputEvents = YES;
				INFOPLIST_KEY_UILaunchStoryboardName = LaunchScreen;
				INFOPLIST_KEY_UIStatusBarHidden = YES;
				INFOPLIST_KEY_UISupportedInterfaceOrientations = UIInterfaceOrientationPortrait;
				INFOPLIST_KEY_UISupportedInterfaceOrientations_iPad = "UIInterfaceOrientationLandscapeLeft UIInterfaceOrientationLandscapeRight UIInterfaceOrientationPortrait UIInterfaceOrientationPortraitUpsideDown";
				LD_RUNPATH_SEARCH_PATHS = (
					"$(inherited)",
					"@executable_path/Frameworks",
				);
				MARKETING_VERSION = 1.0;
				PRODUCT_BUNDLE_IDENTIFIER = "io.github.yurii-voievodin.FirstFlight";
				PRODUCT_NAME = "$(TARGET_NAME)";
				STRING_CATALOG_GENERATE_SYMBOLS = YES;
				SUPPORTED_PLATFORMS = "iphoneos iphonesimulator";
				SUPPORTS_MACCATALYST = NO;
				SUPPORTS_MAC_DESIGNED_FOR_IPHONE_IPAD = NO;
				SUPPORTS_XR_DESIGNED_FOR_IPHONE_IPAD = NO;
				SWIFT_APPROACHABLE_CONCURRENCY = YES;
				SWIFT_DEFAULT_ACTOR_ISOLATION = MainActor;
				SWIFT_EMIT_LOC_STRINGS = YES;
				SWIFT_UPCOMING_FEATURE_MEMBER_IMPORT_VISIBILITY = YES;
				SWIFT_VERSION = 5.0;
				TARGETED_DEVICE_FAMILY = 1;
			};
			name = Debug;
		};
		36B7B6402E859C1F00D3BDEB /* Release */ = {
			isa = XCBuildConfiguration;
			buildSettings = {
				ASSETCATALOG_COMPILER_APPICON_NAME = AppIcon;
				ASSETCATALOG_COMPILER_GLOBAL_ACCENT_COLOR_NAME = AccentColor;
				CODE_SIGN_STYLE = Automatic;
				CURRENT_PROJECT_VERSION = 1;
				DEVELOPMENT_TEAM = M2BF9ZE9NW;
				GENERATE_INFOPLIST_FILE = YES;
				INFOPLIST_KEY_LSApplicationCategoryType = "public.app-category.adventure-games";
				INFOPLIST_KEY_UIApplicationSupportsIndirectInputEvents = YES;
				INFOPLIST_KEY_UILaunchStoryboardName = LaunchScreen;
				INFOPLIST_KEY_UIStatusBarHidden = YES;
				INFOPLIST_KEY_UISupportedInterfaceOrientations = UIInterfaceOrientationPortrait;
				INFOPLIST_KEY_UISupportedInterfaceOrientations_iPad = "UIInterfaceOrientationLandscapeLeft UIInterfaceOrientationLandscapeRight UIInterfaceOrientationPortrait UIInterfaceOrientationPortraitUpsideDown";
				LD_RUNPATH_SEARCH_PATHS = (
					"$(inherited)",
					"@executable_path/Frameworks",
				);
				MARKETING_VERSION = 1.0;
				PRODUCT_BUNDLE_IDENTIFIER = "io.github.yurii-voievodin.FirstFlight";
				PRODUCT_NAME = "$(TARGET_NAME)";
				STRING_CATALOG_GENERATE_SYMBOLS = YES;
				SUPPORTED_PLATFORMS = "iphoneos iphonesimulator";
				SUPPORTS_MACCATALYST = NO;
				SUPPORTS_MAC_DESIGNED_FOR_IPHONE_IPAD = NO;
				SUPPORTS_XR_DESIGNED_FOR_IPHONE_IPAD = NO;
				SWIFT_APPROACHABLE_CONCURRENCY = YES;
				SWIFT_DEFAULT_ACTOR_ISOLATION = MainActor;
				SWIFT_EMIT_LOC_STRINGS = YES;
				SWIFT_UPCOMING_FEATURE_MEMBER_IMPORT_VISIBILITY = YES;
				SWIFT_VERSION = 5.0;
				TARGETED_DEVICE_FAMILY = 1;
			};
			name = Release;
		};
		36B7B6422E859C1F00D3BDEB /* Debug */ = {
			isa = XCBuildConfiguration;
			buildSettings = {
				BUNDLE_LOADER = "$(TEST_HOST)";
				CODE_SIGN_STYLE = Automatic;
				CURRENT_PROJECT_VERSION = 1;
				DEVELOPMENT_TEAM = M2BF9ZE9NW;
				GENERATE_INFOPLIST_FILE = YES;
				IPHONEOS_DEPLOYMENT_TARGET = 26.0;
				MARKETING_VERSION = 1.0;
				PRODUCT_BUNDLE_IDENTIFIER = "io.github.yurii-voievodin.FirstFlightTests";
				PRODUCT_NAME = "$(TARGET_NAME)";
				STRING_CATALOG_GENERATE_SYMBOLS = NO;
				SUPPORTED_PLATFORMS = "iphoneos iphonesimulator";
				SUPPORTS_MACCATALYST = NO;
				SUPPORTS_MAC_DESIGNED_FOR_IPHONE_IPAD = NO;
				SUPPORTS_XR_DESIGNED_FOR_IPHONE_IPAD = NO;
				SWIFT_APPROACHABLE_CONCURRENCY = YES;
				SWIFT_EMIT_LOC_STRINGS = NO;
				SWIFT_UPCOMING_FEATURE_MEMBER_IMPORT_VISIBILITY = YES;
				SWIFT_VERSION = 5.0;
				TARGETED_DEVICE_FAMILY = 1;
				TEST_HOST = "$(BUILT_PRODUCTS_DIR)/FirstFlight.app/$(BUNDLE_EXECUTABLE_FOLDER_PATH)/FirstFlight";
			};
			name = Debug;
		};
		36B7B6432E859C1F00D3BDEB /* Release */ = {
			isa = XCBuildConfiguration;
			buildSettings = {
				BUNDLE_LOADER = "$(TEST_HOST)";
				CODE_SIGN_STYLE = Automatic;
				CURRENT_PROJECT_VERSION = 1;
				DEVELOPMENT_TEAM = M2BF9ZE9NW;
				GENERATE_INFOPLIST_FILE = YES;
				IPHONEOS_DEPLOYMENT_TARGET = 26.0;
				MARKETING_VERSION = 1.0;
				PRODUCT_BUNDLE_IDENTIFIER = "io.github.yurii-voievodin.FirstFlightTests";
				PRODUCT_NAME = "$(TARGET_NAME)";
				STRING_CATALOG_GENERATE_SYMBOLS = NO;
				SUPPORTED_PLATFORMS = "iphoneos iphonesimulator";
				SUPPORTS_MACCATALYST = NO;
				SUPPORTS_MAC_DESIGNED_FOR_IPHONE_IPAD = NO;
				SUPPORTS_XR_DESIGNED_FOR_IPHONE_IPAD = NO;
				SWIFT_APPROACHABLE_CONCURRENCY = YES;
				SWIFT_EMIT_LOC_STRINGS = NO;
				SWIFT_UPCOMING_FEATURE_MEMBER_IMPORT_VISIBILITY = YES;
				SWIFT_VERSION = 5.0;
				TARGETED_DEVICE_FAMILY = 1;
				TEST_HOST = "$(BUILT_PRODUCTS_DIR)/FirstFlight.app/$(BUNDLE_EXECUTABLE_FOLDER_PATH)/FirstFlight";
			};
			name = Release;
		};
		36E8C1682F7ED9A000DA71B6 /* Debug */ = {
			isa = XCBuildConfiguration;
			buildSettings = {
				ASSETCATALOG_COMPILER_APPICON_NAME = AppIcon;
				ASSETCATALOG_COMPILER_GLOBAL_ACCENT_COLOR_NAME = AccentColor;
				CODE_SIGN_STYLE = Automatic;
				COMBINE_HIDPI_IMAGES = YES;
				CURRENT_PROJECT_VERSION = 1;
				DEAD_CODE_STRIPPING = YES;
				DEVELOPMENT_TEAM = M2BF9ZE9NW;
				ENABLE_APP_SANDBOX = YES;
				ENABLE_HARDENED_RUNTIME = YES;
				ENABLE_USER_SELECTED_FILES = readonly;
				GENERATE_INFOPLIST_FILE = YES;
				INFOPLIST_KEY_NSHumanReadableCopyright = "";
				INFOPLIST_KEY_NSMainStoryboardFile = Main;
				INFOPLIST_KEY_NSPrincipalClass = NSApplication;
				LD_RUNPATH_SEARCH_PATHS = (
					"$(inherited)",
					"@executable_path/../Frameworks",
				);
				MACOSX_DEPLOYMENT_TARGET = 26.4;
				MARKETING_VERSION = 1.0;
				PRODUCT_BUNDLE_IDENTIFIER = "io.github.yurii-voievodin.FirstFlight-Mac-Game";
				PRODUCT_NAME = "$(TARGET_NAME)";
				REGISTER_APP_GROUPS = YES;
				SDKROOT = macosx;
				STRING_CATALOG_GENERATE_SYMBOLS = YES;
				SWIFT_APPROACHABLE_CONCURRENCY = YES;
				SWIFT_DEFAULT_ACTOR_ISOLATION = MainActor;
				SWIFT_EMIT_LOC_STRINGS = YES;
				SWIFT_UPCOMING_FEATURE_MEMBER_IMPORT_VISIBILITY = YES;
				SWIFT_VERSION = 5.0;
			};
			name = Debug;
		};
		36E8C1692F7ED9A000DA71B6 /* Release */ = {
			isa = XCBuildConfiguration;
			buildSettings = {
				ASSETCATALOG_COMPILER_APPICON_NAME = AppIcon;
				ASSETCATALOG_COMPILER_GLOBAL_ACCENT_COLOR_NAME = AccentColor;
				CODE_SIGN_STYLE = Automatic;
				COMBINE_HIDPI_IMAGES = YES;
				CURRENT_PROJECT_VERSION = 1;
				DEAD_CODE_STRIPPING = YES;
				DEVELOPMENT_TEAM = M2BF9ZE9NW;
				ENABLE_APP_SANDBOX = YES;
				ENABLE_HARDENED_RUNTIME = YES;
				ENABLE_USER_SELECTED_FILES = readonly;
				GENERATE_INFOPLIST_FILE = YES;
				INFOPLIST_KEY_NSHumanReadableCopyright = "";
				INFOPLIST_KEY_NSMainStoryboardFile = Main;
				INFOPLIST_KEY_NSPrincipalClass = NSApplication;
				LD_RUNPATH_SEARCH_PATHS = (
					"$(inherited)",
					"@executable_path/../Frameworks",
				);
				MACOSX_DEPLOYMENT_TARGET = 26.4;
				MARKETING_VERSION = 1.0;
				PRODUCT_BUNDLE_IDENTIFIER = "io.github.yurii-voievodin.FirstFlight-Mac-Game";
				PRODUCT_NAME = "$(TARGET_NAME)";
				REGISTER_APP_GROUPS = YES;
				SDKROOT = macosx;
				STRING_CATALOG_GENERATE_SYMBOLS = YES;
				SWIFT_APPROACHABLE_CONCURRENCY = YES;
				SWIFT_DEFAULT_ACTOR_ISOLATION = MainActor;
				SWIFT_EMIT_LOC_STRINGS = YES;
				SWIFT_UPCOMING_FEATURE_MEMBER_IMPORT_VISIBILITY = YES;
				SWIFT_VERSION = 5.0;
			};
			name = Release;
		};
		36E8C16A2F7ED9A000DA71B6 /* Debug */ = {
			isa = XCBuildConfiguration;
			buildSettings = {
				BUNDLE_LOADER = "$(TEST_HOST)";
				CODE_SIGN_STYLE = Automatic;
				CURRENT_PROJECT_VERSION = 1;
				DEAD_CODE_STRIPPING = YES;
				DEVELOPMENT_TEAM = M2BF9ZE9NW;
				GENERATE_INFOPLIST_FILE = YES;
				MACOSX_DEPLOYMENT_TARGET = 26.4;
				MARKETING_VERSION = 1.0;
				PRODUCT_BUNDLE_IDENTIFIER = "io.github.yurii-voievodin.FirstFlight-Mac-GameTests";
				PRODUCT_NAME = "$(TARGET_NAME)";
				SDKROOT = macosx;
				STRING_CATALOG_GENERATE_SYMBOLS = NO;
				SWIFT_APPROACHABLE_CONCURRENCY = YES;
				SWIFT_EMIT_LOC_STRINGS = NO;
				SWIFT_UPCOMING_FEATURE_MEMBER_IMPORT_VISIBILITY = YES;
				SWIFT_VERSION = 5.0;
				TEST_HOST = "$(BUILT_PRODUCTS_DIR)/FirstFlight Mac Game.app/$(BUNDLE_EXECUTABLE_FOLDER_PATH)/FirstFlight Mac Game";
			};
			name = Debug;
		};
		36E8C16B2F7ED9A000DA71B6 /* Release */ = {
			isa = XCBuildConfiguration;
			buildSettings = {
				BUNDLE_LOADER = "$(TEST_HOST)";
				CODE_SIGN_STYLE = Automatic;
				CURRENT_PROJECT_VERSION = 1;
				DEAD_CODE_STRIPPING = YES;
				DEVELOPMENT_TEAM = M2BF9ZE9NW;
				GENERATE_INFOPLIST_FILE = YES;
				MACOSX_DEPLOYMENT_TARGET = 26.4;
				MARKETING_VERSION = 1.0;
				PRODUCT_BUNDLE_IDENTIFIER = "io.github.yurii-voievodin.FirstFlight-Mac-GameTests";
				PRODUCT_NAME = "$(TARGET_NAME)";
				SDKROOT = macosx;
				STRING_CATALOG_GENERATE_SYMBOLS = NO;
				SWIFT_APPROACHABLE_CONCURRENCY = YES;
				SWIFT_EMIT_LOC_STRINGS = NO;
				SWIFT_UPCOMING_FEATURE_MEMBER_IMPORT_VISIBILITY = YES;
				SWIFT_VERSION = 5.0;
				TEST_HOST = "$(BUILT_PRODUCTS_DIR)/FirstFlight Mac Game.app/$(BUNDLE_EXECUTABLE_FOLDER_PATH)/FirstFlight Mac Game";
			};
			name = Release;
		};
		36E8C16C2F7ED9A000DA71B6 /* Debug */ = {
			isa = XCBuildConfiguration;
			buildSettings = {
				CODE_SIGN_STYLE = Automatic;
				CURRENT_PROJECT_VERSION = 1;
				DEAD_CODE_STRIPPING = YES;
				DEVELOPMENT_TEAM = M2BF9ZE9NW;
				GENERATE_INFOPLIST_FILE = YES;
				MACOSX_DEPLOYMENT_TARGET = 26.4;
				MARKETING_VERSION = 1.0;
				PRODUCT_BUNDLE_IDENTIFIER = "io.github.yurii-voievodin.FirstFlight-Mac-GameUITests";
				PRODUCT_NAME = "$(TARGET_NAME)";
				SDKROOT = macosx;
				STRING_CATALOG_GENERATE_SYMBOLS = NO;
				SWIFT_APPROACHABLE_CONCURRENCY = YES;
				SWIFT_EMIT_LOC_STRINGS = NO;
				SWIFT_UPCOMING_FEATURE_MEMBER_IMPORT_VISIBILITY = YES;
				SWIFT_VERSION = 5.0;
				TEST_TARGET_NAME = "FirstFlight Mac Game";
			};
			name = Debug;
		};
		36E8C16D2F7ED9A000DA71B6 /* Release */ = {
			isa = XCBuildConfiguration;
			buildSettings = {
				CODE_SIGN_STYLE = Automatic;
				CURRENT_PROJECT_VERSION = 1;
				DEAD_CODE_STRIPPING = YES;
				DEVELOPMENT_TEAM = M2BF9ZE9NW;
				GENERATE_INFOPLIST_FILE = YES;
				MACOSX_DEPLOYMENT_TARGET = 26.4;
				MARKETING_VERSION = 1.0;
				PRODUCT_BUNDLE_IDENTIFIER = "io.github.yurii-voievodin.FirstFlight-Mac-GameUITests";
				PRODUCT_NAME = "$(TARGET_NAME)";
				SDKROOT = macosx;
				STRING_CATALOG_GENERATE_SYMBOLS = NO;
				SWIFT_APPROACHABLE_CONCURRENCY = YES;
				SWIFT_EMIT_LOC_STRINGS = NO;
				SWIFT_UPCOMING_FEATURE_MEMBER_IMPORT_VISIBILITY = YES;
				SWIFT_VERSION = 5.0;
				TEST_TARGET_NAME = "FirstFlight Mac Game";
			};
			name = Release;
		};
/* End XCBuildConfiguration section */

/* Begin XCConfigurationList section */
		36B7B60C2E859C1E00D3BDEB /* Build configuration list for PBXProject "FirstFlight" */ = {
			isa = XCConfigurationList;
			buildConfigurations = (
				36B7B63C2E859C1F00D3BDEB /* Debug */,
				36B7B63D2E859C1F00D3BDEB /* Release */,
			);
			defaultConfigurationIsVisible = 0;
			defaultConfigurationName = Release;
		};
		36B7B63E2E859C1F00D3BDEB /* Build configuration list for PBXNativeTarget "FirstFlight" */ = {
			isa = XCConfigurationList;
			buildConfigurations = (
				36B7B63F2E859C1F00D3BDEB /* Debug */,
				36B7B6402E859C1F00D3BDEB /* Release */,
			);
			defaultConfigurationIsVisible = 0;
			defaultConfigurationName = Release;
		};
		36B7B6412E859C1F00D3BDEB /* Build configuration list for PBXNativeTarget "FirstFlightTests" */ = {
			isa = XCConfigurationList;
			buildConfigurations = (
				36B7B6422E859C1F00D3BDEB /* Debug */,
				36B7B6432E859C1F00D3BDEB /* Release */,
			);
			defaultConfigurationIsVisible = 0;
			defaultConfigurationName = Release;
		};
		36E8C16E2F7ED9A000DA71B6 /* Build configuration list for PBXNativeTarget "FirstFlight Mac Game" */ = {
			isa = XCConfigurationList;
			buildConfigurations = (
				36E8C1682F7ED9A000DA71B6 /* Debug */,
				36E8C1692F7ED9A000DA71B6 /* Release */,
			);
			defaultConfigurationIsVisible = 0;
			defaultConfigurationName = Release;
		};
		36E8C16F2F7ED9A000DA71B6 /* Build configuration list for PBXNativeTarget "FirstFlight Mac GameTests" */ = {
			isa = XCConfigurationList;
			buildConfigurations = (
				36E8C16A2F7ED9A000DA71B6 /* Debug */,
				36E8C16B2F7ED9A000DA71B6 /* Release */,
			);
			defaultConfigurationIsVisible = 0;
			defaultConfigurationName = Release;
		};
		36E8C1702F7ED9A000DA71B6 /* Build configuration list for PBXNativeTarget "FirstFlight Mac GameUITests" */ = {
			isa = XCConfigurationList;
			buildConfigurations = (
				36E8C16C2F7ED9A000DA71B6 /* Debug */,
				36E8C16D2F7ED9A000DA71B6 /* Release */,
			);
			defaultConfigurationIsVisible = 0;
			defaultConfigurationName = Release;
		};
/* End XCConfigurationList section */
	};
	rootObject = 36B7B6092E859C1E00D3BDEB /* Project object */;
}
